
Microsoft Visual Studio Solution File, Format Version 12.00
# Visual Studio Version 17
VisualStudioVersion = 17.6.33829.357
MinimumVisualStudioVersion = 10.0.40219.1
Project("{FAE04EC0-301F-11D3-BF4B-00C04F79EFBC}") = "ExProposto", "ExProposto.csproj", "{965E5577-FE69-48BA-A83E-59FA8FA5E81B}"
EndProject
Global
	GlobalSection(SolutionConfigurationPlatforms) = preSolution
		Debug|Any CPU = Debug|Any CPU
		Release|Any CPU = Release|Any CPU
	EndGlobalSection
	GlobalSection(ProjectConfigurationPlatforms) = postSolution
		{965E5577-FE69-48BA-A83E-59FA8FA5E81B}.Debug|Any CPU.ActiveCfg = Debug|Any CPU
		{965E5577-FE69-48BA-A83E-59FA8FA5E81B}.Debug|Any CPU.Build.0 = Debug|Any CPU
		{965E5577-FE69-48BA-A83E-59FA8FA5E81B}.Release|Any CPU.ActiveCfg = Release|Any CPU
		{965E5577-FE69-48BA-A83E-59FA8FA5E81B}.Release|Any CPU.Build.0 = Release|Any CPU
	EndGlobalSection
	GlobalSection(SolutionProperties) = preSolution
		HideSolutionNode = FALSE
	EndGlobalSection
	GlobalSection(ExtensibilityGlobals) = postSolution
		SolutionGuid = {988CA6B8-2243-4827-A86E-B32C6C75A10B}
	EndGlobalSection
EndGlobal
